<?xml version="1.0" encoding="utf-8"?>
<Project ToolsVersion="4.0" xmlns="http://schemas.microsoft.com/developer/msbuild/2003">
  <ItemGroup>
    <Filter Include="源文件">
      <UniqueIdentifier>{4FC737F1-C7A5-4376-A066-2A32D752A2FF}</UniqueIdentifier>
      <Extensions>cpp;c;cc;cxx;def;odl;idl;hpj;bat;asm;asmx</Extensions>
    </Filter>
    <Filter Include="资源文件">
      <UniqueIdentifier>{67DA6AB6-F800-4c08-8B7A-83BB121AAD01}</UniqueIdentifier>
      <Extensions>rc;ico;cur;bmp;dlg;rc2;rct;bin;rgs;gif;jpg;jpeg;jpe;resx;tiff;tif;png;wav;mfcribbon-ms</Extensions>
    </Filter>
    <Filter Include="header">
      <UniqueIdentifier>{76a4deb3-21ef-4180-a549-581bef7583ed}</UniqueIdentifier>
    </Filter>
    <Filter Include="cpp">
      <UniqueIdentifier>{e2915540-a60a-4479-a040-893ef7db7d63}</UniqueIdentifier>
    </Filter>
  </ItemGroup>
  <ItemGroup>
    <ClCompile Include="Component.cpp">
      <Filter>源文件</Filter>
    </ClCompile>
    <ClCompile Include="cpp\test.cpp">
      <Filter>源文件</Filter>
    </ClCompile>
    <ClCompile Include="AudioEncoder.cpp" />
    <ClCompile Include="AudioResampler.cpp" />
    <ClCompile Include="Muxer.cpp" />
    <ClCompile Include="VideoEncoder.cpp" />
  </ItemGroup>
  <ItemGroup>
    <ClInclude Include="header\test.h" />
    <ClInclude Include="AudioEncoder.h" />
    <ClInclude Include="AudioResampler.h" />
    <ClInclude Include="Muxer.h" />
    <ClInclude Include="resource.h" />
    <ClInclude Include="VideoEncoder.h" />
  </ItemGroup>
  <ItemGroup>
    <ResourceCompile Include="Component.rc">
      <Filter>资源文件</Filter>
    </ResourceCompile>
  </ItemGroup>
</Project>